# THIS IS AN AUTOGENERATED FILE. DO NOT EDIT THIS FILE DIRECTLY.
# yarn lockfile v1


"eventemitter3@^4.0.7":
  "integrity" "sha512-8guHBZCwKnFhYdHr2ysuRWErTwhoN2X8XELRlrRwpmfeY2jjuUN4taQMsULKUVo1K4DvZl+0pgfyoysHxvmvEw=="
  "resolved" "https://registry.npmjs.org/eventemitter3/-/eventemitter3-4.0.7.tgz"
  "version" "4.0.7"

"inherits@2.0.3":
  "integrity" "sha1-Yzwsg+PaQqUC9SRmAiSA9CCCYd4="
  "resolved" "https://registry.npmjs.org/inherits/-/inherits-2.0.3.tgz"
  "version" "2.0.3"

"path@^0.12.7":
  "integrity" "sha1-1NwqUGxM4hl+tIHr/NWzbAFAsQ8="
  "resolved" "https://registry.npmjs.org/path/-/path-0.12.7.tgz"
  "version" "0.12.7"
  dependencies:
    "process" "^0.11.1"
    "util" "^0.10.3"

"phaser@^3.55.2":
  "integrity" "sha512-amKXsbb2Ht29dGPKvt1edq3yGGYKtq8373GpJYGKPNPnneYY6MtVTOgjHDuZwtmUyK4v86FugkT3hzW/N4tjxQ=="
  "resolved" "https://registry.npmjs.org/phaser/-/phaser-3.55.2.tgz"
  "version" "3.55.2"
  dependencies:
    "eventemitter3" "^4.0.7"
    "path" "^0.12.7"

"process@^0.11.1":
  "integrity" "sha1-czIwDoQBYb2j5podHZGn1LwW8YI="
  "resolved" "https://registry.npmjs.org/process/-/process-0.11.10.tgz"
  "version" "0.11.10"

"util@^0.10.3":
  "integrity" "sha512-0Pm9hTQ3se5ll1XihRic3FDIku70C+iHUdT/W926rSgHV5QgXsYbKZN8MSC3tJtSkhuROzvsQjAaFENRXr+19A=="
  "resolved" "https://registry.npmjs.org/util/-/util-0.10.4.tgz"
  "version" "0.10.4"
  dependencies:
    "inherits" "2.0.3"
